
Microsoft Visual Studio Solution File, Format Version 12.00
# Visual Studio Version 17
VisualStudioVersion = 17.10.34928.147
MinimumVisualStudioVersion = 10.0.40219.1
Project("{FAE04EC0-301F-11D3-BF4B-00C04F79EFBC}") = "Task1", "Task1\Task1.csproj", "{4CEF16CE-A6F4-4210-8BBD-C0949F8D10C4}"
EndProject
Project("{FAE04EC0-301F-11D3-BF4B-00C04F79EFBC}") = "Task2", "Task2\Task2.csproj", "{B0A69E31-39D9-447A-9C55-10A6A6F286A1}"
EndProject
Global
	GlobalSection(SolutionConfigurationPlatforms) = preSolution
		Debug|Any CPU = Debug|Any CPU
		Release|Any CPU = Release|Any CPU
	EndGlobalSection
	GlobalSection(ProjectConfigurationPlatforms) = postSolution
		{4CEF16CE-A6F4-4210-8BBD-C0949F8D10C4}.Debug|Any CPU.ActiveCfg = Debug|Any CPU
		{4CEF16CE-A6F4-4210-8BBD-C0949F8D10C4}.Debug|Any CPU.Build.0 = Debug|Any CPU
		{4CEF16CE-A6F4-4210-8BBD-C0949F8D10C4}.Release|Any CPU.ActiveCfg = Release|Any CPU
		{4CEF16CE-A6F4-4210-8BBD-C0949F8D10C4}.Release|Any CPU.Build.0 = Release|Any CPU
		{B0A69E31-39D9-447A-9C55-10A6A6F286A1}.Debug|Any CPU.ActiveCfg = Debug|Any CPU
		{B0A69E31-39D9-447A-9C55-10A6A6F286A1}.Debug|Any CPU.Build.0 = Debug|Any CPU
		{B0A69E31-39D9-447A-9C55-10A6A6F286A1}.Release|Any CPU.ActiveCfg = Release|Any CPU
		{B0A69E31-39D9-447A-9C55-10A6A6F286A1}.Release|Any CPU.Build.0 = Release|Any CPU
	EndGlobalSection
	GlobalSection(SolutionProperties) = preSolution
		HideSolutionNode = FALSE
	EndGlobalSection
	GlobalSection(ExtensibilityGlobals) = postSolution
		SolutionGuid = {65F15B69-5CF6-4B22-8BCA-D20F2D2695AB}
	EndGlobalSection
EndGlobal
